// !$*UTF8*$!
{
	archiveVersion = 1;
	classes = {
	};
	objectVersion = 50;
	objects = {

/* Begin PBXBuildFile section */
		A98E43DF24F8BC7500E66BA5 /* AppDelegate.swift in Sources */ = {isa = PBXBuildFile; fileRef = A98E43DE24F8BC7500E66BA5 /* AppDelegate.swift */; };
		A98E43E124F8BC7500E66BA5 /* SceneDelegate.swift in Sources */ = {isa = PBXBuildFile; fileRef = A98E43E024F8BC7500E66BA5 /* SceneDelegate.swift */; };
		A98E43E324F8BC7500E66BA5 /* ViewController.swift in Sources */ = {isa = PBXBuildFile; fileRef = A98E43E224F8BC7500E66BA5 /* ViewController.swift */; };
		A98E43E624F8BC7500E66BA5 /* Main.storyboard in Resources */ = {isa = PBXBuildFile; fileRef = A98E43E424F8BC7500E66BA5 /* Main.storyboard */; };
		A98E43E824F8BC7A00E66BA5 /* Assets.xcassets in Resources */ = {isa = PBXBuildFile; fileRef = A98E43E724F8BC7A00E66BA5 /* Assets.xcassets */; };
		A98E43EB24F8BC7A00E66BA5 /* LaunchScreen.storyboard in Resources */ = {isa = PBXBuildFile; fileRef = A98E43E924F8BC7A00E66BA5 /* LaunchScreen.storyboard */; };
		A9D75BCB24F8C0C8005AEC0C /* Localizable.strings in Resources */ = {isa = PBXBuildFile; fileRef = A9D75BCD24F8C0C8005AEC0C /* Localizable.strings */; };
/* End PBXBuildFile section */

/* Begin PBXFileReference section */
		A98E43DB24F8BC7500E66BA5 /* LocalizationDemo.app */ = {isa = PBXFileReference; explicitFileType = wrapper.application; includeInIndex = 0; path = LocalizationDemo.app; sourceTree = BUILT_PRODUCTS_DIR; };
		A98E43DE24F8BC7500E66BA5 /* AppDelegate.swift */ = {isa = PBXFileReference; lastKnownFileType = sourcecode.swift; path = AppDelegate.swift; sourceTree = "<group>"; };
		A98E43E024F8BC7500E66BA5 /* SceneDelegate.swift */ = {isa = PBXFileReference; lastKnownFileType = sourcecode.swift; path = SceneDelegate.swift; sourceTree = "<group>"; };
		A98E43E224F8BC7500E66BA5 /* ViewController.swift */ = {isa = PBXFileReference; lastKnownFileType = sourcecode.swift; path = ViewController.swift; sourceTree = "<group>"; };
		A98E43E524F8BC7500E66BA5 /* Base */ = {isa = PBXFileReference; lastKnownFileType = file.storyboard; name = Base; path = Base.lproj/Main.storyboard; sourceTree = "<group>"; };
		A98E43E724F8BC7A00E66BA5 /* Assets.xcassets */ = {isa = PBXFileReference; lastKnownFileType = folder.assetcatalog; path = Assets.xcassets; sourceTree = "<group>"; };
		A98E43EA24F8BC7A00E66BA5 /* Base */ = {isa = PBXFileReference; lastKnownFileType = file.storyboard; name = Base; path = Base.lproj/LaunchScreen.storyboard; sourceTree = "<group>"; };
		A98E43EC24F8BC7A00E66BA5 /* Info.plist */ = {isa = PBXFileReference; lastKnownFileType = text.plist.xml; path = Info.plist; sourceTree = "<group>"; };
		A9CEABF324F8CE7A0072657D /* fr */ = {isa = PBXFileReference; lastKnownFileType = text.plist.strings; name = fr; path = fr.lproj/Main.strings; sourceTree = "<group>"; };
		A9CEABF524F8CE7F0072657D /* ru */ = {isa = PBXFileReference; lastKnownFileType = text.plist.strings; name = ru; path = ru.lproj/Main.strings; sourceTree = "<group>"; };
		A9D75BC824F8C035005AEC0C /* ru */ = {isa = PBXFileReference; lastKnownFileType = text.plist.strings; name = ru; path = ru.lproj/LaunchScreen.strings; sourceTree = "<group>"; };
		A9D75BCA24F8C05A005AEC0C /* fr */ = {isa = PBXFileReference; lastKnownFileType = text.plist.strings; name = fr; path = fr.lproj/LaunchScreen.strings; sourceTree = "<group>"; };
		A9D75BCC24F8C0C8005AEC0C /* fr */ = {isa = PBXFileReference; lastKnownFileType = text.plist.strings; name = fr; path = fr.lproj/Localizable.strings; sourceTree = "<group>"; };
		A9D75BCE24F8C0CE005AEC0C /* ru */ = {isa = PBXFileReference; lastKnownFileType = text.plist.strings; name = ru; path = ru.lproj/Localizable.strings; sourceTree = "<group>"; };
/* End PBXFileReference section */

/* Begin PBXFrameworksBuildPhase section */
		A98E43D824F8BC7500E66BA5 /* Frameworks */ = {
			isa = PBXFrameworksBuildPhase;
			buildActionMask = 2147483647;
			files = (
			);
			runOnlyForDeploymentPostprocessing = 0;
		};
/* End PBXFrameworksBuildPhase section */

/* Begin PBXGroup section */
		A98E43D224F8BC7500E66BA5 = {
			isa = PBXGroup;
			children = (
				A98E43DD24F8BC7500E66BA5 /* LocalizationDemo */,
				A98E43DC24F8BC7500E66BA5 /* Products */,
			);
			sourceTree = "<group>";
		};
		A98E43DC24F8BC7500E66BA5 /* Products */ = {
			isa = PBXGroup;
			children = (
				A98E43DB24F8BC7500E66BA5 /* LocalizationDemo.app */,
			);
			name = Products;
			sourceTree = "<group>";
		};
		A98E43DD24F8BC7500E66BA5 /* LocalizationDemo */ = {
			isa = PBXGroup;
			children = (
				A98E43DE24F8BC7500E66BA5 /* AppDelegate.swift */,
				A98E43E024F8BC7500E66BA5 /* SceneDelegate.swift */,
				A98E43E224F8BC7500E66BA5 /* ViewController.swift */,
				A9D75BCD24F8C0C8005AEC0C /* Localizable.strings */,
				A98E43E424F8BC7500E66BA5 /* Main.storyboard */,
				A98E43E724F8BC7A00E66BA5 /* Assets.xcassets */,
				A98E43E924F8BC7A00E66BA5 /* LaunchScreen.storyboard */,
				A98E43EC24F8BC7A00E66BA5 /* Info.plist */,
			);
			path = LocalizationDemo;
			sourceTree = "<group>";
		};
/* End PBXGroup section */

/* Begin PBXNativeTarget section */
		A98E43DA24F8BC7500E66BA5 /* LocalizationDemo */ = {
			isa = PBXNativeTarget;
			buildConfigurationList = A98E43EF24F8BC7A00E66BA5 /* Build configuration list for PBXNativeTarget "LocalizationDemo" */;
			buildPhases = (
				A98E43D724F8BC7500E66BA5 /* Sources */,
				A98E43D824F8BC7500E66BA5 /* Frameworks */,
				A98E43D924F8BC7500E66BA5 /* Resources */,
			);
			buildRules = (
			);
			dependencies = (
			);
			name = LocalizationDemo;
			productName = LocalizationDemo;
			productReference = A98E43DB24F8BC7500E66BA5 /* LocalizationDemo.app */;
			productType = "com.apple.product-type.application";
		};
/* End PBXNativeTarget section */

/* Begin PBXProject section */
		A98E43D324F8BC7500E66BA5 /* Project object */ = {
			isa = PBXProject;
			attributes = {
				LastSwiftUpdateCheck = 1160;
				LastUpgradeCheck = 1160;
				ORGANIZATIONNAME = Trainer;
				TargetAttributes = {
					A98E43DA24F8BC7500E66BA5 = {
						CreatedOnToolsVersion = 11.6;
					};
				};
			};
			buildConfigurationList = A98E43D624F8BC7500E66BA5 /* Build configuration list for PBXProject "LocalizationDemo" */;
			compatibilityVersion = "Xcode 9.3";
			developmentRegion = en;
			hasScannedForEncodings = 0;
			knownRegions = (
				en,
				Base,
				ru,
				fr,
			);
			mainGroup = A98E43D224F8BC7500E66BA5;
			productRefGroup = A98E43DC24F8BC7500E66BA5 /* Products */;
			projectDirPath = "";
			projectRoot = "";
			targets = (
				A98E43DA24F8BC7500E66BA5 /* LocalizationDemo */,
			);
		};
/* End PBXProject section */

/* Begin PBXResourcesBuildPhase section */
		A98E43D924F8BC7500E66BA5 /* Resources */ = {
			isa = PBXResourcesBuildPhase;
			buildActionMask = 2147483647;
			files = (
				A98E43EB24F8BC7A00E66BA5 /* LaunchScreen.storyboard in Resources */,
				A9D75BCB24F8C0C8005AEC0C /* Localizable.strings in Resources */,
				A98E43E824F8BC7A00E66BA5 /* Assets.xcassets in Resources */,
				A98E43E624F8BC7500E66BA5 /* Main.storyboard in Resources */,
			);
			runOnlyForDeploymentPostprocessing = 0;
		};
/* End PBXResourcesBuildPhase section */

/* Begin PBXSourcesBuildPhase section */
		A98E43D724F8BC7500E66BA5 /* Sources */ = {
			isa = PBXSourcesBuildPhase;
			buildActionMask = 2147483647;
			files = (
				A98E43E324F8BC7500E66BA5 /* ViewController.swift in Sources */,
				A98E43DF24F8BC7500E66BA5 /* AppDelegate.swift in Sources */,
				A98E43E124F8BC7500E66BA5 /* SceneDelegate.swift in Sources */,
			);
			runOnlyForDeploymentPostprocessing = 0;
		};
/* End PBXSourcesBuildPhase section */

/* Begin PBXVariantGroup section */
		A98E43E424F8BC7500E66BA5 /* Main.storyboard */ = {
			isa = PBXVariantGroup;
			children = (
				A98E43E524F8BC7500E66BA5 /* Base */,
				A9CEABF324F8CE7A0072657D /* fr */,
				A9CEABF524F8CE7F0072657D /* ru */,
			);
			name = Main.storyboard;
			sourceTree = "<group>";
		};
		A98E43E924F8BC7A00E66BA5 /* LaunchScreen.storyboard */ = {
			isa = PBXVariantGroup;
			children = (
				A98E43EA24F8BC7A00E66BA5 /* Base */,
				A9D75BC824F8C035005AEC0C /* ru */,
				A9D75BCA24F8C05A005AEC0C /* fr */,
			);
			name = LaunchScreen.storyboard;
			sourceTree = "<group>";
		};
		A9D75BCD24F8C0C8005AEC0C /* Localizable.strings */ = {
			isa = PBXVariantGroup;
			children = (
				A9D75BCC24F8C0C8005AEC0C /* fr */,
				A9D75BCE24F8C0CE005AEC0C /* ru */,
			);
			name = Localizable.strings;
			sourceTree = "<group>";
		};
/* End PBXVariantGroup section */

/* Begin XCBuildConfiguration section */
		A98E43ED24F8BC7A00E66BA5 /* Debug */ = {
			isa = XCBuildConfiguration;
			buildSettings = {
				ALWAYS_SEARCH_USER_PATHS = NO;
				CLANG_ANALYZER_LOCALIZABILITY_NONLOCALIZED = YES;
				CLANG_ANALYZER_NONNULL = YES;
				CLANG_ANALYZER_NUMBER_OBJECT_CONVERSION = YES_AGGRESSIVE;
				CLANG_CXX_LANGUAGE_STANDARD = "gnu++14";
				CLANG_CXX_LIBRARY = "libc++";
				CLANG_ENABLE_MODULES = YES;
				CLANG_ENABLE_OBJC_ARC = YES;
				CLANG_ENABLE_OBJC_WEAK = YES;
				CLANG_WARN_BLOCK_CAPTURE_AUTORELEASING = YES;
				CLANG_WARN_BOOL_CONVERSION = YES;
				CLANG_WARN_COMMA = YES;
				CLANG_WARN_CONSTANT_CONVERSION = YES;
				CLANG_WARN_DEPRECATED_OBJC_IMPLEMENTATIONS = YES;
				CLANG_WARN_DIRECT_OBJC_ISA_USAGE = YES_ERROR;
				CLANG_WARN_DOCUMENTATION_COMMENTS = YES;
				CLANG_WARN_EMPTY_BODY = YES;
				CLANG_WARN_ENUM_CONVERSION = YES;
				CLANG_WARN_INFINITE_RECURSION = YES;
				CLANG_WARN_INT_CONVERSION = YES;
				CLANG_WARN_NON_LITERAL_NULL_CONVERSION = YES;
				CLANG_WARN_OBJC_IMPLICIT_RETAIN_SELF = YES;
				CLANG_WARN_OBJC_LITERAL_CONVERSION = YES;
				CLANG_WARN_OBJC_ROOT_CLASS = YES_ERROR;
				CLANG_WARN_RANGE_LOOP_ANALYSIS = YES;
				CLANG_WARN_STRICT_PROTOTYPES = YES;
				CLANG_WARN_SUSPICIOUS_MOVE = YES;
				CLANG_WARN_UNGUARDED_AVAILABILITY = YES_AGGRESSIVE;
				CLANG_WARN_UNREACHABLE_CODE = YES;
				CLANG_WARN__DUPLICATE_METHOD_MATCH = YES;
				COPY_PHASE_STRIP = NO;
				DEBUG_INFORMATION_FORMAT = dwarf;
				ENABLE_STRICT_OBJC_MSGSEND = YES;
				ENABLE_TESTABILITY = YES;
				GCC_C_LANGUAGE_STANDARD = gnu11;
				GCC_DYNAMIC_NO_PIC = NO;
				GCC_NO_COMMON_BLOCKS = YES;
				GCC_OPTIMIZATION_LEVEL = 0;
				GCC_PREPROCESSOR_DEFINITIONS = (
					"DEBUG=1",
					"$(inherited)",
				);
				GCC_WARN_64_TO_32_BIT_CONVERSION = YES;
				GCC_WARN_ABOUT_RETURN_TYPE = YES_ERROR;
				GCC_WARN_UNDECLARED_SELECTOR = YES;
				GCC_WARN_UNINITIALIZED_AUTOS = YES_AGGRESSIVE;
				GCC_WARN_UNUSED_FUNCTION = YES;
				GCC_WARN_UNUSED_VARIABLE = YES;
				IPHONEOS_DEPLOYMENT_TARGET = 13.6;
				MTL_ENABLE_DEBUG_INFO = INCLUDE_SOURCE;
				MTL_FAST_MATH = YES;
				ONLY_ACTIVE_ARCH = YES;
				SDKROOT = iphoneos;
				SWIFT_ACTIVE_COMPILATION_CONDITIONS = DEBUG;
				SWIFT_OPTIMIZATION_LEVEL = "-Onone";
			};
			name = Debug;
		};
		A98E43EE24F8BC7A00E66BA5 /* Release */ = {
			isa = XCBuildConfiguration;
			buildSettings = {
				ALWAYS_SEARCH_USER_PATHS = NO;
				CLANG_ANALYZER_LOCALIZABILITY_NONLOCALIZED = YES;
				CLANG_ANALYZER_NONNULL = YES;
				CLANG_ANALYZER_NUMBER_OBJECT_CONVERSION = YES_AGGRESSIVE;
				CLANG_CXX_LANGUAGE_STANDARD = "gnu++14";
				CLANG_CXX_LIBRARY = "libc++";
				CLANG_ENABLE_MODULES = YES;
				CLANG_ENABLE_OBJC_ARC = YES;
				CLANG_ENABLE_OBJC_WEAK = YES;
				CLANG_WARN_BLOCK_CAPTURE_AUTORELEASING = YES;
				CLANG_WARN_BOOL_CONVERSION = YES;
				CLANG_WARN_COMMA = YES;
				CLANG_WARN_CONSTANT_CONVERSION = YES;
				CLANG_WARN_DEPRECATED_OBJC_IMPLEMENTATIONS = YES;
				CLANG_WARN_DIRECT_OBJC_ISA_USAGE = YES_ERROR;
				CLANG_WARN_DOCUMENTATION_COMMENTS = YES;
				CLANG_WARN_EMPTY_BODY = YES;
				CLANG_WARN_ENUM_CONVERSION = YES;
				CLANG_WARN_INFINITE_RECURSION = YES;
				CLANG_WARN_INT_CONVERSION = YES;
				CLANG_WARN_NON_LITERAL_NULL_CONVERSION = YES;
				CLANG_WARN_OBJC_IMPLICIT_RETAIN_SELF = YES;
				CLANG_WARN_OBJC_LITERAL_CONVERSION = YES;
				CLANG_WARN_OBJC_ROOT_CLASS = YES_ERROR;
				CLANG_WARN_RANGE_LOOP_ANALYSIS = YES;
				CLANG_WARN_STRICT_PROTOTYPES = YES;
				CLANG_WARN_SUSPICIOUS_MOVE = YES;
				CLANG_WARN_UNGUARDED_AVAILABILITY = YES_AGGRESSIVE;
				CLANG_WARN_UNREACHABLE_CODE = YES;
				CLANG_WARN__DUPLICATE_METHOD_MATCH = YES;
				COPY_PHASE_STRIP = NO;
				DEBUG_INFORMATION_FORMAT = "dwarf-with-dsym";
				ENABLE_NS_ASSERTIONS = NO;
				ENABLE_STRICT_OBJC_MSGSEND = YES;
				GCC_C_LANGUAGE_STANDARD = gnu11;
				GCC_NO_COMMON_BLOCKS = YES;
				GCC_WARN_64_TO_32_BIT_CONVERSION = YES;
				GCC_WARN_ABOUT_RETURN_TYPE = YES_ERROR;
				GCC_WARN_UNDECLARED_SELECTOR = YES;
				GCC_WARN_UNINITIALIZED_AUTOS = YES_AGGRESSIVE;
				GCC_WARN_UNUSED_FUNCTION = YES;
				GCC_WARN_UNUSED_VARIABLE = YES;
				IPHONEOS_DEPLOYMENT_TARGET = 13.6;
				MTL_ENABLE_DEBUG_INFO = NO;
				MTL_FAST_MATH = YES;
				SDKROOT = iphoneos;
				SWIFT_COMPILATION_MODE = wholemodule;
				SWIFT_OPTIMIZATION_LEVEL = "-O";
				VALIDATE_PRODUCT = YES;
			};
			name = Release;
		};
		A98E43F024F8BC7A00E66BA5 /* Debug */ = {
			isa = XCBuildConfiguration;
			buildSettings = {
				ASSETCATALOG_COMPILER_APPICON_NAME = AppIcon;
				CODE_SIGN_STYLE = Automatic;
				DEVELOPMENT_TEAM = WRP6VX7UXP;
				INFOPLIST_FILE = LocalizationDemo/Info.plist;
				LD_RUNPATH_SEARCH_PATHS = (
					"$(inherited)",
					"@executable_path/Frameworks",
				);
				PRODUCT_BUNDLE_IDENTIFIER = training.LocalizationDemo;
				PRODUCT_NAME = "$(TARGET_NAME)";
				SWIFT_VERSION = 5.0;
				TARGETED_DEVICE_FAMILY = "1,2";
			};
			name = Debug;
		};
		A98E43F124F8BC7A00E66BA5 /* Release */ = {
			isa = XCBuildConfiguration;
			buildSettings = {
				ASSETCATALOG_COMPILER_APPICON_NAME = AppIcon;
				CODE_SIGN_STYLE = Automatic;
				DEVELOPMENT_TEAM = WRP6VX7UXP;
				INFOPLIST_FILE = LocalizationDemo/Info.plist;
				LD_RUNPATH_SEARCH_PATHS = (
					"$(inherited)",
					"@executable_path/Frameworks",
				);
				PRODUCT_BUNDLE_IDENTIFIER = training.LocalizationDemo;
				PRODUCT_NAME = "$(TARGET_NAME)";
				SWIFT_VERSION = 5.0;
				TARGETED_DEVICE_FAMILY = "1,2";
			};
			name = Release;
		};
/* End XCBuildConfiguration section */

/* Begin XCConfigurationList section */
		A98E43D624F8BC7500E66BA5 /* Build configuration list for PBXProject "LocalizationDemo" */ = {
			isa = XCConfigurationList;
			buildConfigurations = (
				A98E43ED24F8BC7A00E66BA5 /* Debug */,
				A98E43EE24F8BC7A00E66BA5 /* Release */,
			);
			defaultConfigurationIsVisible = 0;
			defaultConfigurationName = Release;
		};
		A98E43EF24F8BC7A00E66BA5 /* Build configuration list for PBXNativeTarget "LocalizationDemo" */ = {
			isa = XCConfigurationList;
			buildConfigurations = (
				A98E43F024F8BC7A00E66BA5 /* Debug */,
				A98E43F124F8BC7A00E66BA5 /* Release */,
			);
			defaultConfigurationIsVisible = 0;
			defaultConfigurationName = Release;
		};
/* End XCConfigurationList section */
	};
	rootObject = A98E43D324F8BC7500E66BA5 /* Project object */;
}
